// !$*UTF8*$!
{
	archiveVersion = 1;
	classes = {
	};
	objectVersion = 46;
	objects = {

/* Begin PBXBuildFile section */
		142DDF091BF6F6BA000ADE09 /* MainViewController.swift in Sources */ = {isa = PBXBuildFile; fileRef = 142DDF081BF6F6BA000ADE09 /* MainViewController.swift */; };
		142DDF0B1BF6F7FE000ADE09 /* PropertyViewController.swift in Sources */ = {isa = PBXBuildFile; fileRef = 142DDF0A1BF6F7FE000ADE09 /* PropertyViewController.swift */; };
		142DDF0D1BF6FDC3000ADE09 /* PropertyView.swift in Sources */ = {isa = PBXBuildFile; fileRef = 142DDF0C1BF6FDC3000ADE09 /* PropertyView.swift */; };
		142DDF121BF7034F000ADE09 /* ColorUtil.swift in Sources */ = {isa = PBXBuildFile; fileRef = 142DDF111BF7034F000ADE09 /* ColorUtil.swift */; };
		142DDF141BF70A31000ADE09 /* Localizable.strings in Resources */ = {isa = PBXBuildFile; fileRef = 142DDF131BF70A31000ADE09 /* Localizable.strings */; };
		1474D61E1BF6E58100B47F95 /* AppDelegate.swift in Sources */ = {isa = PBXBuildFile; fileRef = 1474D61D1BF6E58100B47F95 /* AppDelegate.swift */; };
		1474D6261BF6E58100B47F95 /* recorder.xcdatamodeld in Sources */ = {isa = PBXBuildFile; fileRef = 1474D6241BF6E58100B47F95 /* recorder.xcdatamodeld */; };
		1474D6281BF6E58100B47F95 /* Assets.xcassets in Resources */ = {isa = PBXBuildFile; fileRef = 1474D6271BF6E58100B47F95 /* Assets.xcassets */; };
		1474D62B1BF6E58100B47F95 /* LaunchScreen.storyboard in Resources */ = {isa = PBXBuildFile; fileRef = 1474D6291BF6E58100B47F95 /* LaunchScreen.storyboard */; };
		1474D6361BF6E58200B47F95 /* recorderTests.swift in Sources */ = {isa = PBXBuildFile; fileRef = 1474D6351BF6E58200B47F95 /* recorderTests.swift */; };
		1474D6411BF6E58200B47F95 /* recorderUITests.swift in Sources */ = {isa = PBXBuildFile; fileRef = 1474D6401BF6E58200B47F95 /* recorderUITests.swift */; };
		1474D6501BF6E8A300B47F95 /* HomeViewController.swift in Sources */ = {isa = PBXBuildFile; fileRef = 1474D64F1BF6E8A300B47F95 /* HomeViewController.swift */; };
		1474D6541BF6EAEE00B47F95 /* HomeView.swift in Sources */ = {isa = PBXBuildFile; fileRef = 1474D6531BF6EAEE00B47F95 /* HomeView.swift */; };
		4E7710B61C0AF30B00840961 /* DateTimeUtil.swift in Sources */ = {isa = PBXBuildFile; fileRef = 4E7710B51C0AF30B00840961 /* DateTimeUtil.swift */; };
		4EDFFB721C097E7100BF3B1B /* ConstantUtil.swift in Sources */ = {isa = PBXBuildFile; fileRef = 4EDFFB711C097E7100BF3B1B /* ConstantUtil.swift */; };
		6FC619D3991A3F6002D109EA /* libPods.a in Frameworks */ = {isa = PBXBuildFile; fileRef = 5860A8D136797092D14196B3 /* libPods.a */; };
/* End PBXBuildFile section */

/* Begin PBXContainerItemProxy section */
		1474D6321BF6E58200B47F95 /* PBXContainerItemProxy */ = {
			isa = PBXContainerItemProxy;
			containerPortal = 1474D6121BF6E58100B47F95 /* Project object */;
			proxyType = 1;
			remoteGlobalIDString = 1474D6191BF6E58100B47F95;
			remoteInfo = recorder;
		};
		1474D63D1BF6E58200B47F95 /* PBXContainerItemProxy */ = {
			isa = PBXContainerItemProxy;
			containerPortal = 1474D6121BF6E58100B47F95 /* Project object */;
			proxyType = 1;
			remoteGlobalIDString = 1474D6191BF6E58100B47F95;
			remoteInfo = recorder;
		};
/* End PBXContainerItemProxy section */

/* Begin PBXFileReference section */
		0AB0525B1012245BCD2C8AD5 /* Pods.release.xcconfig */ = {isa = PBXFileReference; includeInIndex = 1; lastKnownFileType = text.xcconfig; name = Pods.release.xcconfig; path = "Pods/Target Support Files/Pods/Pods.release.xcconfig"; sourceTree = "<group>"; };
		142DDF081BF6F6BA000ADE09 /* MainViewController.swift */ = {isa = PBXFileReference; fileEncoding = 4; lastKnownFileType = sourcecode.swift; path = MainViewController.swift; sourceTree = "<group>"; };
		142DDF0A1BF6F7FE000ADE09 /* PropertyViewController.swift */ = {isa = PBXFileReference; fileEncoding = 4; lastKnownFileType = sourcecode.swift; path = PropertyViewController.swift; sourceTree = "<group>"; };
		142DDF0C1BF6FDC3000ADE09 /* PropertyView.swift */ = {isa = PBXFileReference; fileEncoding = 4; lastKnownFileType = sourcecode.swift; path = PropertyView.swift; sourceTree = "<group>"; };
		142DDF111BF7034F000ADE09 /* ColorUtil.swift */ = {isa = PBXFileReference; fileEncoding = 4; lastKnownFileType = sourcecode.swift; path = ColorUtil.swift; sourceTree = "<group>"; };
		142DDF131BF70A31000ADE09 /* Localizable.strings */ = {isa = PBXFileReference; fileEncoding = 4; lastKnownFileType = text.plist.strings; path = Localizable.strings; sourceTree = "<group>"; };
		1474D61A1BF6E58100B47F95 /* recorder.app */ = {isa = PBXFileReference; explicitFileType = wrapper.application; includeInIndex = 0; path = recorder.app; sourceTree = BUILT_PRODUCTS_DIR; };
		1474D61D1BF6E58100B47F95 /* AppDelegate.swift */ = {isa = PBXFileReference; lastKnownFileType = sourcecode.swift; path = AppDelegate.swift; sourceTree = "<group>"; };
		1474D6251BF6E58100B47F95 /* recorder.xcdatamodel */ = {isa = PBXFileReference; lastKnownFileType = wrapper.xcdatamodel; path = recorder.xcdatamodel; sourceTree = "<group>"; };
		1474D6271BF6E58100B47F95 /* Assets.xcassets */ = {isa = PBXFileReference; lastKnownFileType = folder.assetcatalog; path = Assets.xcassets; sourceTree = "<group>"; };
		1474D62A1BF6E58100B47F95 /* Base */ = {isa = PBXFileReference; lastKnownFileType = file.storyboard; name = Base; path = Base.lproj/LaunchScreen.storyboard; sourceTree = "<group>"; };
		1474D62C1BF6E58100B47F95 /* Info.plist */ = {isa = PBXFileReference; lastKnownFileType = text.plist.xml; path = Info.plist; sourceTree = "<group>"; };
		1474D6311BF6E58200B47F95 /* recorderTests.xctest */ = {isa = PBXFileReference; explicitFileType = wrapper.cfbundle; includeInIndex = 0; path = recorderTests.xctest; sourceTree = BUILT_PRODUCTS_DIR; };
		1474D6351BF6E58200B47F95 /* recorderTests.swift */ = {isa = PBXFileReference; lastKnownFileType = sourcecode.swift; path = recorderTests.swift; sourceTree = "<group>"; };
		1474D6371BF6E58200B47F95 /* Info.plist */ = {isa = PBXFileReference; lastKnownFileType = text.plist.xml; path = Info.plist; sourceTree = "<group>"; };
		1474D63C1BF6E58200B47F95 /* recorderUITests.xctest */ = {isa = PBXFileReference; explicitFileType = wrapper.cfbundle; includeInIndex = 0; path = recorderUITests.xctest; sourceTree = BUILT_PRODUCTS_DIR; };
		1474D6401BF6E58200B47F95 /* recorderUITests.swift */ = {isa = PBXFileReference; lastKnownFileType = sourcecode.swift; path = recorderUITests.swift; sourceTree = "<group>"; };
		1474D6421BF6E58200B47F95 /* Info.plist */ = {isa = PBXFileReference; lastKnownFileType = text.plist.xml; path = Info.plist; sourceTree = "<group>"; };
		1474D64F1BF6E8A300B47F95 /* HomeViewController.swift */ = {isa = PBXFileReference; fileEncoding = 4; lastKnownFileType = sourcecode.swift; path = HomeViewController.swift; sourceTree = "<group>"; };
		1474D6531BF6EAEE00B47F95 /* HomeView.swift */ = {isa = PBXFileReference; fileEncoding = 4; lastKnownFileType = sourcecode.swift; path = HomeView.swift; sourceTree = "<group>"; };
		4E7710B51C0AF30B00840961 /* DateTimeUtil.swift */ = {isa = PBXFileReference; fileEncoding = 4; lastKnownFileType = sourcecode.swift; path = DateTimeUtil.swift; sourceTree = "<group>"; };
		4EDFFB711C097E7100BF3B1B /* ConstantUtil.swift */ = {isa = PBXFileReference; fileEncoding = 4; lastKnownFileType = sourcecode.swift; path = ConstantUtil.swift; sourceTree = "<group>"; };
		4EDFFB731C0983EE00BF3B1B /* ObjCBridge.h */ = {isa = PBXFileReference; lastKnownFileType = sourcecode.c.h; path = ObjCBridge.h; sourceTree = "<group>"; };
		5860A8D136797092D14196B3 /* libPods.a */ = {isa = PBXFileReference; explicitFileType = archive.ar; includeInIndex = 0; path = libPods.a; sourceTree = BUILT_PRODUCTS_DIR; };
		DEE9472493940D4043A19BD1 /* Pods.debug.xcconfig */ = {isa = PBXFileReference; includeInIndex = 1; lastKnownFileType = text.xcconfig; name = Pods.debug.xcconfig; path = "Pods/Target Support Files/Pods/Pods.debug.xcconfig"; sourceTree = "<group>"; };
/* End PBXFileReference section */

/* Begin PBXFrameworksBuildPhase section */
		1474D6171BF6E58100B47F95 /* Frameworks */ = {
			isa = PBXFrameworksBuildPhase;
			buildActionMask = 2147483647;
			files = (
				6FC619D3991A3F6002D109EA /* libPods.a in Frameworks */,
			);
			runOnlyForDeploymentPostprocessing = 0;
		};
		1474D62E1BF6E58200B47F95 /* Frameworks */ = {
			isa = PBXFrameworksBuildPhase;
			buildActionMask = 2147483647;
			files = (
			);
			runOnlyForDeploymentPostprocessing = 0;
		};
		1474D6391BF6E58200B47F95 /* Frameworks */ = {
			isa = PBXFrameworksBuildPhase;
			buildActionMask = 2147483647;
			files = (
			);
			runOnlyForDeploymentPostprocessing = 0;
		};
/* End PBXFrameworksBuildPhase section */

/* Begin PBXGroup section */
		142DDF101BF70338000ADE09 /* util */ = {
			isa = PBXGroup;
			children = (
				142DDF111BF7034F000ADE09 /* ColorUtil.swift */,
				4EDFFB711C097E7100BF3B1B /* ConstantUtil.swift */,
				4EDFFB731C0983EE00BF3B1B /* ObjCBridge.h */,
				4E7710B51C0AF30B00840961 /* DateTimeUtil.swift */,
			);
			name = util;
			sourceTree = "<group>";
		};
		1474D6111BF6E58100B47F95 = {
			isa = PBXGroup;
			children = (
				1474D61C1BF6E58100B47F95 /* recorder */,
				1474D6341BF6E58200B47F95 /* recorderTests */,
				1474D63F1BF6E58200B47F95 /* recorderUITests */,
				1474D61B1BF6E58100B47F95 /* Products */,
				BD54A24FF9AAEA8D9046A69B /* Pods */,
				4DFFABB32E1B800BF810FDB9 /* Frameworks */,
			);
			sourceTree = "<group>";
		};
		1474D61B1BF6E58100B47F95 /* Products */ = {
			isa = PBXGroup;
			children = (
				1474D61A1BF6E58100B47F95 /* recorder.app */,
				1474D6311BF6E58200B47F95 /* recorderTests.xctest */,
				1474D63C1BF6E58200B47F95 /* recorderUITests.xctest */,
			);
			name = Products;
			sourceTree = "<group>";
		};
		1474D61C1BF6E58100B47F95 /* recorder */ = {
			isa = PBXGroup;
			children = (
				142DDF101BF70338000ADE09 /* util */,
				1474D6521BF6EAD300B47F95 /* views */,
				1474D6511BF6E8DB00B47F95 /* models */,
				1474D64E1BF6E7A900B47F95 /* controllers */,
				1474D61D1BF6E58100B47F95 /* AppDelegate.swift */,
				1474D6271BF6E58100B47F95 /* Assets.xcassets */,
				1474D6291BF6E58100B47F95 /* LaunchScreen.storyboard */,
				1474D62C1BF6E58100B47F95 /* Info.plist */,
				1474D6241BF6E58100B47F95 /* recorder.xcdatamodeld */,
				142DDF131BF70A31000ADE09 /* Localizable.strings */,
			);
			path = recorder;
			sourceTree = "<group>";
		};
		1474D6341BF6E58200B47F95 /* recorderTests */ = {
			isa = PBXGroup;
			children = (
				1474D6351BF6E58200B47F95 /* recorderTests.swift */,
				1474D6371BF6E58200B47F95 /* Info.plist */,
			);
			path = recorderTests;
			sourceTree = "<group>";
		};
		1474D63F1BF6E58200B47F95 /* recorderUITests */ = {
			isa = PBXGroup;
			children = (
				1474D6401BF6E58200B47F95 /* recorderUITests.swift */,
				1474D6421BF6E58200B47F95 /* Info.plist */,
			);
			path = recorderUITests;
			sourceTree = "<group>";
		};
		1474D64E1BF6E7A900B47F95 /* controllers */ = {
			isa = PBXGroup;
			children = (
				1474D64F1BF6E8A300B47F95 /* HomeViewController.swift */,
				142DDF081BF6F6BA000ADE09 /* MainViewController.swift */,
				142DDF0A1BF6F7FE000ADE09 /* PropertyViewController.swift */,
			);
			name = controllers;
			sourceTree = "<group>";
		};
		1474D6511BF6E8DB00B47F95 /* models */ = {
			isa = PBXGroup;
			children = (
			);
			name = models;
			sourceTree = "<group>";
		};
		1474D6521BF6EAD300B47F95 /* views */ = {
			isa = PBXGroup;
			children = (
				1474D6531BF6EAEE00B47F95 /* HomeView.swift */,
				142DDF0C1BF6FDC3000ADE09 /* PropertyView.swift */,
			);
			name = views;
			sourceTree = "<group>";
		};
		4DFFABB32E1B800BF810FDB9 /* Frameworks */ = {
			isa = PBXGroup;
			children = (
				5860A8D136797092D14196B3 /* libPods.a */,
			);
			name = Frameworks;
			sourceTree = "<group>";
		};
		BD54A24FF9AAEA8D9046A69B /* Pods */ = {
			isa = PBXGroup;
			children = (
				DEE9472493940D4043A19BD1 /* Pods.debug.xcconfig */,
				0AB0525B1012245BCD2C8AD5 /* Pods.release.xcconfig */,
			);
			name = Pods;
			sourceTree = "<group>";
		};
/* End PBXGroup section */

/* Begin PBXNativeTarget section */
		1474D6191BF6E58100B47F95 /* recorder */ = {
			isa = PBXNativeTarget;
			buildConfigurationList = 1474D6451BF6E58200B47F95 /* Build configuration list for PBXNativeTarget "recorder" */;
			buildPhases = (
				0AA6D865E36CA1B21F95C83B /* Check Pods Manifest.lock */,
				1474D6161BF6E58100B47F95 /* Sources */,
				1474D6171BF6E58100B47F95 /* Frameworks */,
				1474D6181BF6E58100B47F95 /* Resources */,
				092D4E24BC1ED0862C86B6D5 /* Embed Pods Frameworks */,
				8BD4CD571A27DD3E47106FC4 /* Copy Pods Resources */,
			);
			buildRules = (
			);
			dependencies = (
			);
			name = recorder;
			productName = recorder;
			productReference = 1474D61A1BF6E58100B47F95 /* recorder.app */;
			productType = "com.apple.product-type.application";
		};
		1474D6301BF6E58200B47F95 /* recorderTests */ = {
			isa = PBXNativeTarget;
			buildConfigurationList = 1474D6481BF6E58200B47F95 /* Build configuration list for PBXNativeTarget "recorderTests" */;
			buildPhases = (
				1474D62D1BF6E58200B47F95 /* Sources */,
				1474D62E1BF6E58200B47F95 /* Frameworks */,
				1474D62F1BF6E58200B47F95 /* Resources */,
			);
			buildRules = (
			);
			dependencies = (
				1474D6331BF6E58200B47F95 /* PBXTargetDependency */,
			);
			name = recorderTests;
			productName = recorderTests;
			productReference = 1474D6311BF6E58200B47F95 /* recorderTests.xctest */;
			productType = "com.apple.product-type.bundle.unit-test";
		};
		1474D63B1BF6E58200B47F95 /* recorderUITests */ = {
			isa = PBXNativeTarget;
			buildConfigurationList = 1474D64B1BF6E58200B47F95 /* Build configuration list for PBXNativeTarget "recorderUITests" */;
			buildPhases = (
				1474D6381BF6E58200B47F95 /* Sources */,
				1474D6391BF6E58200B47F95 /* Frameworks */,
				1474D63A1BF6E58200B47F95 /* Resources */,
			);
			buildRules = (
			);
			dependencies = (
				1474D63E1BF6E58200B47F95 /* PBXTargetDependency */,
			);
			name = recorderUITests;
			productName = recorderUITests;
			productReference = 1474D63C1BF6E58200B47F95 /* recorderUITests.xctest */;
			productType = "com.apple.product-type.bundle.ui-testing";
		};
/* End PBXNativeTarget section */

/* Begin PBXProject section */
		1474D6121BF6E58100B47F95 /* Project object */ = {
			isa = PBXProject;
			attributes = {
				LastSwiftUpdateCheck = 0710;
				LastUpgradeCheck = 0710;
				ORGANIZATIONNAME = tachibanakikaku;
				TargetAttributes = {
					1474D6191BF6E58100B47F95 = {
						CreatedOnToolsVersion = 7.1.1;
						DevelopmentTeam = 74MU86E6E4;
					};
					1474D6301BF6E58200B47F95 = {
						CreatedOnToolsVersion = 7.1.1;
						TestTargetID = 1474D6191BF6E58100B47F95;
					};
					1474D63B1BF6E58200B47F95 = {
						CreatedOnToolsVersion = 7.1.1;
						TestTargetID = 1474D6191BF6E58100B47F95;
					};
				};
			};
			buildConfigurationList = 1474D6151BF6E58100B47F95 /* Build configuration list for PBXProject "recorder" */;
			compatibilityVersion = "Xcode 3.2";
			developmentRegion = English;
			hasScannedForEncodings = 0;
			knownRegions = (
				en,
				Base,
			);
			mainGroup = 1474D6111BF6E58100B47F95;
			productRefGroup = 1474D61B1BF6E58100B47F95 /* Products */;
			projectDirPath = "";
			projectRoot = "";
			targets = (
				1474D6191BF6E58100B47F95 /* recorder */,
				1474D6301BF6E58200B47F95 /* recorderTests */,
				1474D63B1BF6E58200B47F95 /* recorderUITests */,
			);
		};
/* End PBXProject section */

/* Begin PBXResourcesBuildPhase section */
		1474D6181BF6E58100B47F95 /* Resources */ = {
			isa = PBXResourcesBuildPhase;
			buildActionMask = 2147483647;
			files = (
				1474D62B1BF6E58100B47F95 /* LaunchScreen.storyboard in Resources */,
				142DDF141BF70A31000ADE09 /* Localizable.strings in Resources */,
				1474D6281BF6E58100B47F95 /* Assets.xcassets in Resources */,
			);
			runOnlyForDeploymentPostprocessing = 0;
		};
		1474D62F1BF6E58200B47F95 /* Resources */ = {
			isa = PBXResourcesBuildPhase;
			buildActionMask = 2147483647;
			files = (
			);
			runOnlyForDeploymentPostprocessing = 0;
		};
		1474D63A1BF6E58200B47F95 /* Resources */ = {
			isa = PBXResourcesBuildPhase;
			buildActionMask = 2147483647;
			files = (
			);
			runOnlyForDeploymentPostprocessing = 0;
		};
/* End PBXResourcesBuildPhase section */

/* Begin PBXShellScriptBuildPhase section */
		092D4E24BC1ED0862C86B6D5 /* Embed Pods Frameworks */ = {
			isa = PBXShellScriptBuildPhase;
			buildActionMask = 2147483647;
			files = (
			);
			inputPaths = (
			);
			name = "Embed Pods Frameworks";
			outputPaths = (
			);
			runOnlyForDeploymentPostprocessing = 0;
			shellPath = /bin/sh;
			shellScript = "\"${SRCROOT}/Pods/Target Support Files/Pods/Pods-frameworks.sh\"\n";
			showEnvVarsInLog = 0;
		};
		0AA6D865E36CA1B21F95C83B /* Check Pods Manifest.lock */ = {
			isa = PBXShellScriptBuildPhase;
			buildActionMask = 2147483647;
			files = (
			);
			inputPaths = (
			);
			name = "Check Pods Manifest.lock";
			outputPaths = (
			);
			runOnlyForDeploymentPostprocessing = 0;
			shellPath = /bin/sh;
			shellScript = "diff \"${PODS_ROOT}/../Podfile.lock\" \"${PODS_ROOT}/Manifest.lock\" > /dev/null\nif [[ $? != 0 ]] ; then\n    cat << EOM\nerror: The sandbox is not in sync with the Podfile.lock. Run 'pod install' or update your CocoaPods installation.\nEOM\n    exit 1\nfi\n";
			showEnvVarsInLog = 0;
		};
		8BD4CD571A27DD3E47106FC4 /* Copy Pods Resources */ = {
			isa = PBXShellScriptBuildPhase;
			buildActionMask = 2147483647;
			files = (
			);
			inputPaths = (
			);
			name = "Copy Pods Resources";
			outputPaths = (
			);
			runOnlyForDeploymentPostprocessing = 0;
			shellPath = /bin/sh;
			shellScript = "\"${SRCROOT}/Pods/Target Support Files/Pods/Pods-resources.sh\"\n";
			showEnvVarsInLog = 0;
		};
/* End PBXShellScriptBuildPhase section */

/* Begin PBXSourcesBuildPhase section */
		1474D6161BF6E58100B47F95 /* Sources */ = {
			isa = PBXSourcesBuildPhase;
			buildActionMask = 2147483647;
			files = (
				4E7710B61C0AF30B00840961 /* DateTimeUtil.swift in Sources */,
				142DDF121BF7034F000ADE09 /* ColorUtil.swift in Sources */,
				142DDF0B1BF6F7FE000ADE09 /* PropertyViewController.swift in Sources */,
				1474D6501BF6E8A300B47F95 /* HomeViewController.swift in Sources */,
				1474D6541BF6EAEE00B47F95 /* HomeView.swift in Sources */,
				4EDFFB721C097E7100BF3B1B /* ConstantUtil.swift in Sources */,
				142DDF091BF6F6BA000ADE09 /* MainViewController.swift in Sources */,
				1474D61E1BF6E58100B47F95 /* AppDelegate.swift in Sources */,
				142DDF0D1BF6FDC3000ADE09 /* PropertyView.swift in Sources */,
				1474D6261BF6E58100B47F95 /* recorder.xcdatamodeld in Sources */,
			);
			runOnlyForDeploymentPostprocessing = 0;
		};
		1474D62D1BF6E58200B47F95 /* Sources */ = {
			isa = PBXSourcesBuildPhase;
			buildActionMask = 2147483647;
			files = (
				1474D6361BF6E58200B47F95 /* recorderTests.swift in Sources */,
			);
			runOnlyForDeploymentPostprocessing = 0;
		};
		1474D6381BF6E58200B47F95 /* Sources */ = {
			isa = PBXSourcesBuildPhase;
			buildActionMask = 2147483647;
			files = (
				1474D6411BF6E58200B47F95 /* recorderUITests.swift in Sources */,
			);
			runOnlyForDeploymentPostprocessing = 0;
		};
/* End PBXSourcesBuildPhase section */

/* Begin PBXTargetDependency section */
		1474D6331BF6E58200B47F95 /* PBXTargetDependency */ = {
			isa = PBXTargetDependency;
			target = 1474D6191BF6E58100B47F95 /* recorder */;
			targetProxy = 1474D6321BF6E58200B47F95 /* PBXContainerItemProxy */;
		};
		1474D63E1BF6E58200B47F95 /* PBXTargetDependency */ = {
			isa = PBXTargetDependency;
			target = 1474D6191BF6E58100B47F95 /* recorder */;
			targetProxy = 1474D63D1BF6E58200B47F95 /* PBXContainerItemProxy */;
		};
/* End PBXTargetDependency section */

/* Begin PBXVariantGroup section */
		1474D6291BF6E58100B47F95 /* LaunchScreen.storyboard */ = {
			isa = PBXVariantGroup;
			children = (
				1474D62A1BF6E58100B47F95 /* Base */,
			);
			name = LaunchScreen.storyboard;
			sourceTree = "<group>";
		};
/* End PBXVariantGroup section */

/* Begin XCBuildConfiguration section */
		1474D6431BF6E58200B47F95 /* Debug */ = {
			isa = XCBuildConfiguration;
			buildSettings = {
				ALWAYS_SEARCH_USER_PATHS = NO;
				CLANG_CXX_LANGUAGE_STANDARD = "gnu++0x";
				CLANG_CXX_LIBRARY = "libc++";
				CLANG_ENABLE_MODULES = YES;
				CLANG_ENABLE_OBJC_ARC = YES;
				CLANG_WARN_BOOL_CONVERSION = YES;
				CLANG_WARN_CONSTANT_CONVERSION = YES;
				CLANG_WARN_DIRECT_OBJC_ISA_USAGE = YES_ERROR;
				CLANG_WARN_EMPTY_BODY = YES;
				CLANG_WARN_ENUM_CONVERSION = YES;
				CLANG_WARN_INT_CONVERSION = YES;
				CLANG_WARN_OBJC_ROOT_CLASS = YES_ERROR;
				CLANG_WARN_UNREACHABLE_CODE = YES;
				CLANG_WARN__DUPLICATE_METHOD_MATCH = YES;
				"CODE_SIGN_IDENTITY[sdk=iphoneos*]" = "iPhone Developer";
				COPY_PHASE_STRIP = NO;
				DEBUG_INFORMATION_FORMAT = dwarf;
				ENABLE_STRICT_OBJC_MSGSEND = YES;
				ENABLE_TESTABILITY = YES;
				GCC_C_LANGUAGE_STANDARD = gnu99;
				GCC_DYNAMIC_NO_PIC = NO;
				GCC_NO_COMMON_BLOCKS = YES;
				GCC_OPTIMIZATION_LEVEL = 0;
				GCC_PREPROCESSOR_DEFINITIONS = (
					"DEBUG=1",
					"$(inherited)",
				);
				GCC_WARN_64_TO_32_BIT_CONVERSION = YES;
				GCC_WARN_ABOUT_RETURN_TYPE = YES_ERROR;
				GCC_WARN_UNDECLARED_SELECTOR = YES;
				GCC_WARN_UNINITIALIZED_AUTOS = YES_AGGRESSIVE;
				GCC_WARN_UNUSED_FUNCTION = YES;
				GCC_WARN_UNUSED_VARIABLE = YES;
				IPHONEOS_DEPLOYMENT_TARGET = 9.1;
				MTL_ENABLE_DEBUG_INFO = YES;
				ONLY_ACTIVE_ARCH = YES;
				SDKROOT = iphoneos;
				SWIFT_OPTIMIZATION_LEVEL = "-Onone";
			};
			name = Debug;
		};
		1474D6441BF6E58200B47F95 /* Release */ = {
			isa = XCBuildConfiguration;
			buildSettings = {
				ALWAYS_SEARCH_USER_PATHS = NO;
				CLANG_CXX_LANGUAGE_STANDARD = "gnu++0x";
				CLANG_CXX_LIBRARY = "libc++";
				CLANG_ENABLE_MODULES = YES;
				CLANG_ENABLE_OBJC_ARC = YES;
				CLANG_WARN_BOOL_CONVERSION = YES;
				CLANG_WARN_CONSTANT_CONVERSION = YES;
				CLANG_WARN_DIRECT_OBJC_ISA_USAGE = YES_ERROR;
				CLANG_WARN_EMPTY_BODY = YES;
				CLANG_WARN_ENUM_CONVERSION = YES;
				CLANG_WARN_INT_CONVERSION = YES;
				CLANG_WARN_OBJC_ROOT_CLASS = YES_ERROR;
				CLANG_WARN_UNREACHABLE_CODE = YES;
				CLANG_WARN__DUPLICATE_METHOD_MATCH = YES;
				"CODE_SIGN_IDENTITY[sdk=iphoneos*]" = "iPhone Developer";
				COPY_PHASE_STRIP = NO;
				DEBUG_INFORMATION_FORMAT = "dwarf-with-dsym";
				ENABLE_NS_ASSERTIONS = NO;
				ENABLE_STRICT_OBJC_MSGSEND = YES;
				GCC_C_LANGUAGE_STANDARD = gnu99;
				GCC_NO_COMMON_BLOCKS = YES;
				GCC_WARN_64_TO_32_BIT_CONVERSION = YES;
				GCC_WARN_ABOUT_RETURN_TYPE = YES_ERROR;
				GCC_WARN_UNDECLARED_SELECTOR = YES;
				GCC_WARN_UNINITIALIZED_AUTOS = YES_AGGRESSIVE;
				GCC_WARN_UNUSED_FUNCTION = YES;
				GCC_WARN_UNUSED_VARIABLE = YES;
				IPHONEOS_DEPLOYMENT_TARGET = 9.1;
				MTL_ENABLE_DEBUG_INFO = NO;
				SDKROOT = iphoneos;
				VALIDATE_PRODUCT = YES;
			};
			name = Release;
		};
		1474D6461BF6E58200B47F95 /* Debug */ = {
			isa = XCBuildConfiguration;
			baseConfigurationReference = DEE9472493940D4043A19BD1 /* Pods.debug.xcconfig */;
			buildSettings = {
				ASSETCATALOG_COMPILER_APPICON_NAME = AppIcon;
				CODE_SIGN_IDENTITY = "iPhone Developer";
				"CODE_SIGN_IDENTITY[sdk=iphoneos*]" = "iPhone Developer";
				INFOPLIST_FILE = recorder/Info.plist;
				LD_RUNPATH_SEARCH_PATHS = "$(inherited) @executable_path/Frameworks";
				PRODUCT_BUNDLE_IDENTIFIER = com.tachibanakikaku.recorder;
				PRODUCT_NAME = "$(TARGET_NAME)";
				PROVISIONING_PROFILE = "";
				SWIFT_OBJC_BRIDGING_HEADER = "${PROJECT_NAME}/ObjCBridge.h";
			};
			name = Debug;
		};
		1474D6471BF6E58200B47F95 /* Release */ = {
			isa = XCBuildConfiguration;
			baseConfigurationReference = 0AB0525B1012245BCD2C8AD5 /* Pods.release.xcconfig */;
			buildSettings = {
				ASSETCATALOG_COMPILER_APPICON_NAME = AppIcon;
				CODE_SIGN_IDENTITY = "iPhone Developer";
				"CODE_SIGN_IDENTITY[sdk=iphoneos*]" = "iPhone Developer";
				INFOPLIST_FILE = recorder/Info.plist;
				LD_RUNPATH_SEARCH_PATHS = "$(inherited) @executable_path/Frameworks";
				PRODUCT_BUNDLE_IDENTIFIER = com.tachibanakikaku.recorder;
				PRODUCT_NAME = "$(TARGET_NAME)";
				PROVISIONING_PROFILE = "";
				SWIFT_OBJC_BRIDGING_HEADER = "${PROJECT_NAME}/ObjCBridge.h";
			};
			name = Release;
		};
		1474D6491BF6E58200B47F95 /* Debug */ = {
			isa = XCBuildConfiguration;
			buildSettings = {
				BUNDLE_LOADER = "$(TEST_HOST)";
				INFOPLIST_FILE = recorderTests/Info.plist;
				LD_RUNPATH_SEARCH_PATHS = "$(inherited) @executable_path/Frameworks @loader_path/Frameworks";
				PRODUCT_BUNDLE_IDENTIFIER = com.tachibanakikaku.recorderTests;
				PRODUCT_NAME = "$(TARGET_NAME)";
				TEST_HOST = "$(BUILT_PRODUCTS_DIR)/recorder.app/recorder";
			};
			name = Debug;
		};
		1474D64A1BF6E58200B47F95 /* Release */ = {
			isa = XCBuildConfiguration;
			buildSettings = {
				BUNDLE_LOADER = "$(TEST_HOST)";
				INFOPLIST_FILE = recorderTests/Info.plist;
				LD_RUNPATH_SEARCH_PATHS = "$(inherited) @executable_path/Frameworks @loader_path/Frameworks";
				PRODUCT_BUNDLE_IDENTIFIER = com.tachibanakikaku.recorderTests;
				PRODUCT_NAME = "$(TARGET_NAME)";
				TEST_HOST = "$(BUILT_PRODUCTS_DIR)/recorder.app/recorder";
			};
			name = Release;
		};
		1474D64C1BF6E58200B47F95 /* Debug */ = {
			isa = XCBuildConfiguration;
			buildSettings = {
				INFOPLIST_FILE = recorderUITests/Info.plist;
				LD_RUNPATH_SEARCH_PATHS = "$(inherited) @executable_path/Frameworks @loader_path/Frameworks";
				PRODUCT_BUNDLE_IDENTIFIER = com.tachibanakikaku.recorderUITests;
				PRODUCT_NAME = "$(TARGET_NAME)";
				TEST_TARGET_NAME = recorder;
				USES_XCTRUNNER = YES;
			};
			name = Debug;
		};
		1474D64D1BF6E58200B47F95 /* Release */ = {
			isa = XCBuildConfiguration;
			buildSettings = {
				INFOPLIST_FILE = recorderUITests/Info.plist;
				LD_RUNPATH_SEARCH_PATHS = "$(inherited) @executable_path/Frameworks @loader_path/Frameworks";
				PRODUCT_BUNDLE_IDENTIFIER = com.tachibanakikaku.recorderUITests;
				PRODUCT_NAME = "$(TARGET_NAME)";
				TEST_TARGET_NAME = recorder;
				USES_XCTRUNNER = YES;
			};
			name = Release;
		};
/* End XCBuildConfiguration section */

/* Begin XCConfigurationList section */
		1474D6151BF6E58100B47F95 /* Build configuration list for PBXProject "recorder" */ = {
			isa = XCConfigurationList;
			buildConfigurations = (
				1474D6431BF6E58200B47F95 /* Debug */,
				1474D6441BF6E58200B47F95 /* Release */,
			);
			defaultConfigurationIsVisible = 0;
			defaultConfigurationName = Release;
		};
		1474D6451BF6E58200B47F95 /* Build configuration list for PBXNativeTarget "recorder" */ = {
			isa = XCConfigurationList;
			buildConfigurations = (
				1474D6461BF6E58200B47F95 /* Debug */,
				1474D6471BF6E58200B47F95 /* Release */,
			);
			defaultConfigurationIsVisible = 0;
			defaultConfigurationName = Release;
		};
		1474D6481BF6E58200B47F95 /* Build configuration list for PBXNativeTarget "recorderTests" */ = {
			isa = XCConfigurationList;
			buildConfigurations = (
				1474D6491BF6E58200B47F95 /* Debug */,
				1474D64A1BF6E58200B47F95 /* Release */,
			);
			defaultConfigurationIsVisible = 0;
			defaultConfigurationName = Release;
		};
		1474D64B1BF6E58200B47F95 /* Build configuration list for PBXNativeTarget "recorderUITests" */ = {
			isa = XCConfigurationList;
			buildConfigurations = (
				1474D64C1BF6E58200B47F95 /* Debug */,
				1474D64D1BF6E58200B47F95 /* Release */,
			);
			defaultConfigurationIsVisible = 0;
			defaultConfigurationName = Release;
		};
/* End XCConfigurationList section */

/* Begin XCVersionGroup section */
		1474D6241BF6E58100B47F95 /* recorder.xcdatamodeld */ = {
			isa = XCVersionGroup;
			children = (
				1474D6251BF6E58100B47F95 /* recorder.xcdatamodel */,
			);
			currentVersion = 1474D6251BF6E58100B47F95 /* recorder.xcdatamodel */;
			path = recorder.xcdatamodeld;
			sourceTree = "<group>";
			versionGroupType = wrapper.xcdatamodel;
		};
/* End XCVersionGroup section */
	};
	rootObject = 1474D6121BF6E58100B47F95 /* Project object */;
}
